{
  "name": "holidayslib",
  "version": "1.0.0",
  "lockfileVersion": 2,
  "requires": true,
  "packages": {
    "": {
      "name": "holidayslib",
      "version": "1.0.0",
      "license": "ISC",
      "dependencies": {
        "@umalqura/core": "^0.0.7",
        "hijri-date": "^0.2.2"
      }
    },
    "node_modules/@umalqura/core": {
      "version": "0.0.7",
      "resolved": "https://registry.npmjs.org/@umalqura/core/-/core-0.0.7.tgz",
      "integrity": "sha512-o8G1J2KRzM/Hal5Taln1QHzhfJsE4+8hQH087Pl6C0ZjPhmw7tjjuejjbgj++Lc2BP4kRDswTJ3J5TuGGybA2Q=="
    },
    "node_modules/hijri-date": {
      "version": "0.2.2",
      "resolved": "https://registry.npmjs.org/hijri-date/-/hijri-date-0.2.2.tgz",
      "integrity": "sha512-LiuslQTPqePwh/KguBB2KH/hzISQd7nQtfVPwdCKgfFv0GDzwjIeTQX/LkBKLI8rPeuXasr3sQMuJL35g8HEAw=="
    }
  },
  "dependencies": {
    "@umalqura/core": {
      "version": "0.0.7",
      "resolved": "https://registry.npmjs.org/@umalqura/core/-/core-0.0.7.tgz",
      "integrity": "sha512-o8G1J2KRzM/Hal5Taln1QHzhfJsE4+8hQH087Pl6C0ZjPhmw7tjjuejjbgj++Lc2BP4kRDswTJ3J5TuGGybA2Q=="
    },
    "hijri-date": {
      "version": "0.2.2",
      "resolved": "https://registry.npmjs.org/hijri-date/-/hijri-date-0.2.2.tgz",
      "integrity": "sha512-LiuslQTPqePwh/KguBB2KH/hzISQd7nQtfVPwdCKgfFv0GDzwjIeTQX/LkBKLI8rPeuXasr3sQMuJL35g8HEAw=="
    }
  }
}
